
Microsoft Visual Studio Solution File, Format Version 12.00
# Visual Studio Version 16
VisualStudioVersion = 16.0.30711.63
MinimumVisualStudioVersion = 10.0.40219.1
Project("{FAE04EC0-301F-11D3-BF4B-00C04F79EFBC}") = "TechnicalPrompt", "TechnicalPrompt\TechnicalPrompt.csproj", "{368D16BD-79B8-4BCC-8D36-397F221C5BDE}"
EndProject
Global
	GlobalSection(SolutionConfigurationPlatforms) = preSolution
		Debug|Any CPU = Debug|Any CPU
		Release|Any CPU = Release|Any CPU
	EndGlobalSection
	GlobalSection(ProjectConfigurationPlatforms) = postSolution
		{368D16BD-79B8-4BCC-8D36-397F221C5BDE}.Debug|Any CPU.ActiveCfg = Debug|Any CPU
		{368D16BD-79B8-4BCC-8D36-397F221C5BDE}.Debug|Any CPU.Build.0 = Debug|Any CPU
		{368D16BD-79B8-4BCC-8D36-397F221C5BDE}.Release|Any CPU.ActiveCfg = Release|Any CPU
		{368D16BD-79B8-4BCC-8D36-397F221C5BDE}.Release|Any CPU.Build.0 = Release|Any CPU
	EndGlobalSection
	GlobalSection(SolutionProperties) = preSolution
		HideSolutionNode = FALSE
	EndGlobalSection
	GlobalSection(ExtensibilityGlobals) = postSolution
		SolutionGuid = {7E317CF0-A040-4213-A5D4-3910CF5B4F6D}
	EndGlobalSection
EndGlobal
