
Microsoft Visual Studio Solution File, Format Version 12.00
# Visual Studio Version 16
VisualStudioVersion = 16.0.30711.63
MinimumVisualStudioVersion = 10.0.40219.1
Project("{FAE04EC0-301F-11D3-BF4B-00C04F79EFBC}") = "TechnicalPrompt", "TechnicalPrompt\TechnicalPrompt.csproj", "{453EA4D8-B23F-4C91-B167-8549115A57B6}"
EndProject
Global
	GlobalSection(SolutionConfigurationPlatforms) = preSolution
		Debug|Any CPU = Debug|Any CPU
		Release|Any CPU = Release|Any CPU
	EndGlobalSection
	GlobalSection(ProjectConfigurationPlatforms) = postSolution
		{453EA4D8-B23F-4C91-B167-8549115A57B6}.Debug|Any CPU.ActiveCfg = Debug|Any CPU
		{453EA4D8-B23F-4C91-B167-8549115A57B6}.Debug|Any CPU.Build.0 = Debug|Any CPU
		{453EA4D8-B23F-4C91-B167-8549115A57B6}.Release|Any CPU.ActiveCfg = Release|Any CPU
		{453EA4D8-B23F-4C91-B167-8549115A57B6}.Release|Any CPU.Build.0 = Release|Any CPU
	EndGlobalSection
	GlobalSection(SolutionProperties) = preSolution
		HideSolutionNode = FALSE
	EndGlobalSection
	GlobalSection(ExtensibilityGlobals) = postSolution
		SolutionGuid = {488D3D10-EAE3-4053-82C0-CD8D897CCFF8}
	EndGlobalSection
EndGlobal
